
Microsoft Visual Studio Solution File, Format Version 12.00
# Visual Studio Version 17
VisualStudioVersion = 17.9.34723.18
MinimumVisualStudioVersion = 10.0.40219.1
Project("{FAE04EC0-301F-11D3-BF4B-00C04F79EFBC}") = "CRUD.PL", "CRUD.PL\CRUD.PL.csproj", "{F08101BC-1437-4BFE-864D-D3FD27F0E56E}"
EndProject
Project("{FAE04EC0-301F-11D3-BF4B-00C04F79EFBC}") = "CRUD.DAL", "CRUD.DAL\CRUD.DAL.csproj", "{FC9BFB17-2778-4C68-92FE-6322CE51F8C4}"
EndProject
Project("{FAE04EC0-301F-11D3-BF4B-00C04F79EFBC}") = "CRUD.BLL", "CRUD.BLL\CRUD.BLL.csproj", "{564D5A0F-5CFC-4047-A519-C2FE26426BDB}"
EndProject
Global
	GlobalSection(SolutionConfigurationPlatforms) = preSolution
		Debug|Any CPU = Debug|Any CPU
		Release|Any CPU = Release|Any CPU
	EndGlobalSection
	GlobalSection(ProjectConfigurationPlatforms) = postSolution
		{F08101BC-1437-4BFE-864D-D3FD27F0E56E}.Debug|Any CPU.ActiveCfg = Debug|Any CPU
		{F08101BC-1437-4BFE-864D-D3FD27F0E56E}.Debug|Any CPU.Build.0 = Debug|Any CPU
		{F08101BC-1437-4BFE-864D-D3FD27F0E56E}.Release|Any CPU.ActiveCfg = Release|Any CPU
		{F08101BC-1437-4BFE-864D-D3FD27F0E56E}.Release|Any CPU.Build.0 = Release|Any CPU
		{FC9BFB17-2778-4C68-92FE-6322CE51F8C4}.Debug|Any CPU.ActiveCfg = Debug|Any CPU
		{FC9BFB17-2778-4C68-92FE-6322CE51F8C4}.Debug|Any CPU.Build.0 = Debug|Any CPU
		{FC9BFB17-2778-4C68-92FE-6322CE51F8C4}.Release|Any CPU.ActiveCfg = Release|Any CPU
		{FC9BFB17-2778-4C68-92FE-6322CE51F8C4}.Release|Any CPU.Build.0 = Release|Any CPU
		{564D5A0F-5CFC-4047-A519-C2FE26426BDB}.Debug|Any CPU.ActiveCfg = Debug|Any CPU
		{564D5A0F-5CFC-4047-A519-C2FE26426BDB}.Debug|Any CPU.Build.0 = Debug|Any CPU
		{564D5A0F-5CFC-4047-A519-C2FE26426BDB}.Release|Any CPU.ActiveCfg = Release|Any CPU
		{564D5A0F-5CFC-4047-A519-C2FE26426BDB}.Release|Any CPU.Build.0 = Release|Any CPU
	EndGlobalSection
	GlobalSection(SolutionProperties) = preSolution
		HideSolutionNode = FALSE
	EndGlobalSection
	GlobalSection(ExtensibilityGlobals) = postSolution
		SolutionGuid = {C4AACBC8-8F4E-48CF-A04A-69291005EF1E}
	EndGlobalSection
EndGlobal
